
Microsoft Visual Studio Solution File, Format Version 12.00
# Visual Studio Version 16
VisualStudioVersion = 16.0.32901.82
MinimumVisualStudioVersion = 10.0.40219.1
Project("{FAE04EC0-301F-11D3-BF4B-00C04F79EFBC}") = "PrakLaba2Var7Zad1", "PrakLaba2Var7Zad1\PrakLaba2Var7Zad1.csproj", "{994E7DEC-1094-40D0-866A-C23890262D66}"
EndProject
Project("{FAE04EC0-301F-11D3-BF4B-00C04F79EFBC}") = "PrakLaba2Var7Zad2", "PrakLaba2Var7Zad2\PrakLaba2Var7Zad2.csproj", "{8D79EA98-A21E-4193-8D5D-D74A95143AE3}"
EndProject
Project("{FAE04EC0-301F-11D3-BF4B-00C04F79EFBC}") = "PrakLaba2Var7Zad3", "PrakLaba2Var7Zad3\PrakLaba2Var7Zad3.csproj", "{36F625B9-8B09-4923-8F53-E6E835470E79}"
EndProject
Global
	GlobalSection(SolutionConfigurationPlatforms) = preSolution
		Debug|Any CPU = Debug|Any CPU
		Release|Any CPU = Release|Any CPU
	EndGlobalSection
	GlobalSection(ProjectConfigurationPlatforms) = postSolution
		{994E7DEC-1094-40D0-866A-C23890262D66}.Debug|Any CPU.ActiveCfg = Debug|Any CPU
		{994E7DEC-1094-40D0-866A-C23890262D66}.Debug|Any CPU.Build.0 = Debug|Any CPU
		{994E7DEC-1094-40D0-866A-C23890262D66}.Release|Any CPU.ActiveCfg = Release|Any CPU
		{994E7DEC-1094-40D0-866A-C23890262D66}.Release|Any CPU.Build.0 = Release|Any CPU
		{8D79EA98-A21E-4193-8D5D-D74A95143AE3}.Debug|Any CPU.ActiveCfg = Debug|Any CPU
		{8D79EA98-A21E-4193-8D5D-D74A95143AE3}.Debug|Any CPU.Build.0 = Debug|Any CPU
		{8D79EA98-A21E-4193-8D5D-D74A95143AE3}.Release|Any CPU.ActiveCfg = Release|Any CPU
		{8D79EA98-A21E-4193-8D5D-D74A95143AE3}.Release|Any CPU.Build.0 = Release|Any CPU
		{36F625B9-8B09-4923-8F53-E6E835470E79}.Debug|Any CPU.ActiveCfg = Debug|Any CPU
		{36F625B9-8B09-4923-8F53-E6E835470E79}.Debug|Any CPU.Build.0 = Debug|Any CPU
		{36F625B9-8B09-4923-8F53-E6E835470E79}.Release|Any CPU.ActiveCfg = Release|Any CPU
		{36F625B9-8B09-4923-8F53-E6E835470E79}.Release|Any CPU.Build.0 = Release|Any CPU
	EndGlobalSection
	GlobalSection(SolutionProperties) = preSolution
		HideSolutionNode = FALSE
	EndGlobalSection
	GlobalSection(ExtensibilityGlobals) = postSolution
		SolutionGuid = {908F647C-EE5E-4CBE-AF0B-613C2877B3B2}
	EndGlobalSection
EndGlobal
